
Microsoft Visual Studio Solution File, Format Version 12.00
# Visual Studio Version 16
VisualStudioVersion = 16.0.30907.101
MinimumVisualStudioVersion = 10.0.40219.1
Project("{9A19103F-16F7-4668-BE54-9A1E7A4F7556}") = "Otc.DomainBase.Exceptions", "Otc.DomainBase.Exceptions\Otc.DomainBase.Exceptions.csproj", "{65805DD7-C49E-4358-8B12-A928627EF798}"
EndProject
Project("{FAE04EC0-301F-11D3-BF4B-00C04F79EFBC}") = "Otc.DomainBase.Exceptions.Tests", "Otc.DomainBase.Exceptions.Tests\Otc.DomainBase.Exceptions.Tests.csproj", "{8CCFDC28-2C86-4609-B8DE-67B9C6B29B97}"
EndProject
Global
	GlobalSection(SolutionConfigurationPlatforms) = preSolution
		Debug|Any CPU = Debug|Any CPU
		Release|Any CPU = Release|Any CPU
	EndGlobalSection
	GlobalSection(ProjectConfigurationPlatforms) = postSolution
		{65805DD7-C49E-4358-8B12-A928627EF798}.Debug|Any CPU.ActiveCfg = Debug|Any CPU
		{65805DD7-C49E-4358-8B12-A928627EF798}.Debug|Any CPU.Build.0 = Debug|Any CPU
		{65805DD7-C49E-4358-8B12-A928627EF798}.Release|Any CPU.ActiveCfg = Release|Any CPU
		{65805DD7-C49E-4358-8B12-A928627EF798}.Release|Any CPU.Build.0 = Release|Any CPU
		{8CCFDC28-2C86-4609-B8DE-67B9C6B29B97}.Debug|Any CPU.ActiveCfg = Debug|Any CPU
		{8CCFDC28-2C86-4609-B8DE-67B9C6B29B97}.Debug|Any CPU.Build.0 = Debug|Any CPU
		{8CCFDC28-2C86-4609-B8DE-67B9C6B29B97}.Release|Any CPU.ActiveCfg = Release|Any CPU
		{8CCFDC28-2C86-4609-B8DE-67B9C6B29B97}.Release|Any CPU.Build.0 = Release|Any CPU
	EndGlobalSection
	GlobalSection(SolutionProperties) = preSolution
		HideSolutionNode = FALSE
	EndGlobalSection
	GlobalSection(ExtensibilityGlobals) = postSolution
		SolutionGuid = {152D14DB-7731-4B4D-807B-F77754953F7B}
	EndGlobalSection
EndGlobal
